{
  "nodes": {
    "nixhooks": {
      "inputs": {
        "nixpkgs": [
          "nixpkgs"
        ]
      },
      "locked": {
        "lastModified": 1790778492,
        "narHash": "sha256-s7/FJeOJsK24UYqi9I0KY/av4bJtVblAAgNKWfZ5YSo=",
        "ref": "refs/heads/main",
        "rev": "35313de1813e9dc36ad3394065c3143f49fdf191",
        "revCount": 43,
        "type": "git",
        "url": "https://tangled.org/poacher.dev/nixhooks"
      },
      "original": {
        "type": "git",
        "url": "https://tangled.org/poacher.dev/nixhooks"
      }
    },
    "nixpkgs": {
      "locked": {
        "lastModified": 1788316716,
        "narHash": "sha256-bc7rSpXIdn9QWGNqfWcPZWOhEVF8NoeAZkWq0XWnf/k=",
        "owner": "NixOS",
        "repo": "nixpkgs",
        "rev": "3ed67ec0a4d3c7ab4ae1f04f8ee8df07bfa506a2",
        "type": "github"
      },
      "original": {
        "owner": "NixOS",
        "ref": "nixos-unstable",
        "repo": "nixpkgs",
        "type": "github"
      }
    },
    "root": {
      "inputs": {
        "nixhooks": "nixhooks",
        "nixpkgs": "nixpkgs"
      }
    }
  },
  "root": "root",
  "version": 7
}
