{
  "nodes": {
    "nixhooks": {
      "inputs": {
        "nixpkgs": [
          "nixpkgs"
        ]
      },
      "locked": {
        "lastModified": 1791223826,
        "narHash": "sha256-NXzJMwDal5StlIRZBhh4sWXDfdp+J1cZQUtAIuDQ8Lw=",
        "ref": "refs/heads/main",
        "rev": "44ed38922c390770a56e572165c49baa7322adfc",
        "revCount": 45,
        "type": "git",
        "url": "https://tangled.org/poacher.dev/nixhooks"
      },
      "original": {
        "type": "git",
        "url": "https://tangled.org/poacher.dev/nixhooks"
      }
    },
    "nixpkgs": {
      "locked": {
        "lastModified": 1788316716,
        "narHash": "sha256-bc7rSpXIdn9QWGNqfWcPZWOhEVF8NoeAZkWq0XWnf/k=",
        "owner": "NixOS",
        "repo": "nixpkgs",
        "rev": "3ed67ec0a4d3c7ab4ae1f04f8ee8df07bfa506a2",
        "type": "github"
      },
      "original": {
        "owner": "NixOS",
        "ref": "nixos-unstable",
        "repo": "nixpkgs",
        "type": "github"
      }
    },
    "root": {
      "inputs": {
        "nixhooks": "nixhooks",
        "nixpkgs": "nixpkgs"
      }
    }
  },
  "root": "root",
  "version": 7
}
