---
lockfileVersion: "9.0"

importers:
  .:
    configDependencies: {}
    packageManagerDependencies:
      "@pnpm/exe":
        specifier: ^11.22.0
        version: 11.25.0
      pnpm:
        specifier: ^11.22.0
        version: 11.25.0

packages:
  "@pnpm/exe@11.25.0":
    resolution:
      {
        integrity: sha512-X19R2uC+VAJ4UJQE9c/PCdOXbDaWnZtad7WUrTHBFQuMVaK9MAHbyO/WgahQCuRtTmJkLbxcWKKCk+JeTYFm/g==,
      }
    hasBin: true

  "@pnpm/linux-arm64@11.25.0":
    resolution:
      {
        integrity: sha512-ra8akqhzsbcOhKSJ9fFV8H+Oc9uGQAcp/XmIBEdT+8hPPoZCit3+RNCHmg8bLoNvpSLtRvZE0WFCMj7WyzxeBA==,
      }
    cpu: [arm64]
    os: [linux]

  "@pnpm/linux-x64@11.25.0":
    resolution:
      {
        integrity: sha512-pQl/L10diKQCbF73viRrtVU8qVWMTudUCSG1uZ+EWBNKtU9Sbxe6Q378diXDb1uTwSgUVMQoypxlC1MTzh7qvQ==,
      }
    cpu: [x64]
    os: [linux]

  "@pnpm/linuxstatic-arm64@11.25.0":
    resolution:
      {
        integrity: sha512-cYcrbB/xN1N6/5VUlFuHblb1gNyJgZv1CF5Pk1T0sHJxQMY4DFJV3OqHVAgahxyUfSTaQcVLvH1H2JFvd/+sgw==,
      }
    cpu: [arm64]
    os: [linux]
    libc: [musl]

  "@pnpm/linuxstatic-x64@11.25.0":
    resolution:
      {
        integrity: sha512-HXDtaeQod16DDMUUcVLIMxvEc1jKn7IYsNPwbwAPs/Je/d3umRPJi3Ejjdn6e9qpXN6Oon+yvSsJr7B9oDt6KA==,
      }
    cpu: [x64]
    os: [linux]
    libc: [musl]

  "@pnpm/macos-arm64@11.25.0":
    resolution:
      {
        integrity: sha512-m/eAgEqKhiSexGxWPHNXNnSRI0hudymg6K7LbrU2EoDs9IgJ28OKEz9mGxMzhkYBweEquR4k5teMNes/aToy9w==,
      }
    cpu: [arm64]
    os: [darwin]

  "@pnpm/win-arm64@11.25.0":
    resolution:
      {
        integrity: sha512-oAeECbtZ+eJziaBmPUkwJM8Dx7KVQ5FO367AXTjD2HGfB5ob1Bcu5hoUF5RBTgDBiP9fRQ1u13uAEpqar/6NLA==,
      }
    cpu: [arm64]
    os: [win32]

  "@pnpm/win-x64@11.25.0":
    resolution:
      {
        integrity: sha512-8/n+wCc0a8TRYTMFqti93Vh0cscdJ25xfMyYSDdXrLUh2ccxSFuS+SE7cNPjd/nOXoFAJvdW0kwfbyRPLa16/w==,
      }
    cpu: [x64]
    os: [win32]

  "@reflink/reflink-darwin-arm64@0.1.19":
    resolution:
      {
        integrity: sha512-ruy44Lpepdk1FqDz38vExBY/PVUsjxZA+chd9wozjUH9JjuDT/HEaQYA6wYN9mf041l0yLVar6BCZuWABJvHSA==,
      }
    engines: { node: ">= 10" }
    cpu: [arm64]
    os: [darwin]

  "@reflink/reflink-darwin-x64@0.1.19":
    resolution:
      {
        integrity: sha512-By85MSWrMZa+c26TcnAy8SDk0sTUkYlNnwknSchkhHpGXOtjNDUOxJE9oByBnGbeuIE1PiQsxDG3Ud+IVV9yuA==,
      }
    engines: { node: ">= 10" }
    cpu: [x64]
    os: [darwin]

  "@reflink/reflink-linux-arm64-gnu@0.1.19":
    resolution:
      {
        integrity: sha512-7P+er8+rP9iNeN+bfmccM4hTAaLP6PQJPKWSA4iSk2bNvo6KU6RyPgYeHxXmzNKzPVRcypZQTpFgstHam6maVg==,
      }
    engines: { node: ">= 10" }
    cpu: [arm64]
    os: [linux]
    libc: [glibc]

  "@reflink/reflink-linux-arm64-musl@0.1.19":
    resolution:
      {
        integrity: sha512-37iO/Dp6m5DDaC2sf3zPtx/hl9FV3Xze4xoYidrxxS9bgP3S8ALroxRK6xBG/1TtfXKTvolvp+IjrUU6ujIGmA==,
      }
    engines: { node: ">= 10" }
    cpu: [arm64]
    os: [linux]
    libc: [musl]

  "@reflink/reflink-linux-x64-gnu@0.1.19":
    resolution:
      {
        integrity: sha512-jbI8jvuYCaA3MVUdu8vLoLAFqC+iNMpiSuLbxlAgg7x3K5bsS8nOpTRnkLF7vISJ+rVR8W+7ThXlXlUQ93ulkw==,
      }
    engines: { node: ">= 10" }
    cpu: [x64]
    os: [linux]
    libc: [glibc]

  "@reflink/reflink-linux-x64-musl@0.1.19":
    resolution:
      {
        integrity: sha512-e9FBWDe+lv7QKAwtKOt6A2W/fyy/aEEfr0g6j/hWzvQcrzHCsz07BNQYlNOjTfeytrtLU7k449H1PI95jA4OjQ==,
      }
    engines: { node: ">= 10" }
    cpu: [x64]
    os: [linux]
    libc: [musl]

  "@reflink/reflink-win32-arm64-msvc@0.1.19":
    resolution:
      {
        integrity: sha512-09PxnVIQcd+UOn4WAW73WU6PXL7DwGS6wPlkMhMg2zlHHG65F3vHepOw06HFCq+N42qkaNAc8AKIabWvtk6cIQ==,
      }
    engines: { node: ">= 10" }
    cpu: [arm64]
    os: [win32]

  "@reflink/reflink-win32-x64-msvc@0.1.19":
    resolution:
      {
        integrity: sha512-E//yT4ni2SyhwP8JRjVGWr3cbnhWDiPLgnQ66qqaanjjnMiu3O/2tjCPQXlcGc/DEYofpDc9fvhv6tALQsMV9w==,
      }
    engines: { node: ">= 10" }
    cpu: [x64]
    os: [win32]

  "@reflink/reflink@0.1.19":
    resolution:
      {
        integrity: sha512-DmCG8GzysnCZ15bres3N5AHCmwBwYgp0As6xjhQ47rAUTUXxJiK+lLUxaGsX3hd/30qUpVElh05PbGuxRPgJwA==,
      }
    engines: { node: ">= 10" }

  detect-libc@2.1.2:
    resolution:
      {
        integrity: sha512-Btj2BOOO83o3WyH59e8MgXsxEQVcarkUOpEYrubB0urwnN10yQ364rsiByU11nZlqWYZm05i/of7io4mzihBtQ==,
      }
    engines: { node: ">=8" }

  pnpm@11.25.0:
    resolution:
      {
        integrity: sha512-XN6SW08HX3Jetx+64YpC/+eEUkeJ8ZthxzHLhyHsKKruFg4BqNWvT+2ypCzb8wDv4j2zVrDUoXtNY+EfirfJVg==,
      }
    engines: { node: ">=22.13" }
    hasBin: true

snapshots:
  "@pnpm/exe@11.25.0":
    dependencies:
      "@reflink/reflink": 0.1.19
      detect-libc: 2.1.2
    optionalDependencies:
      "@pnpm/linux-arm64": 11.25.0
      "@pnpm/linux-x64": 11.25.0
      "@pnpm/linuxstatic-arm64": 11.25.0
      "@pnpm/linuxstatic-x64": 11.25.0
      "@pnpm/macos-arm64": 11.25.0
      "@pnpm/win-arm64": 11.25.0
      "@pnpm/win-x64": 11.25.0

  "@pnpm/linux-arm64@11.25.0":
    optional: true

  "@pnpm/linux-x64@11.25.0":
    optional: true

  "@pnpm/linuxstatic-arm64@11.25.0":
    optional: true

  "@pnpm/linuxstatic-x64@11.25.0":
    optional: true

  "@pnpm/macos-arm64@11.25.0":
    optional: true

  "@pnpm/win-arm64@11.25.0":
    optional: true

  "@pnpm/win-x64@11.25.0":
    optional: true

  "@reflink/reflink-darwin-arm64@0.1.19":
    optional: true

  "@reflink/reflink-darwin-x64@0.1.19":
    optional: true

  "@reflink/reflink-linux-arm64-gnu@0.1.19":
    optional: true

  "@reflink/reflink-linux-arm64-musl@0.1.19":
    optional: true

  "@reflink/reflink-linux-x64-gnu@0.1.19":
    optional: true

  "@reflink/reflink-linux-x64-musl@0.1.19":
    optional: true

  "@reflink/reflink-win32-arm64-msvc@0.1.19":
    optional: true

  "@reflink/reflink-win32-x64-msvc@0.1.19":
    optional: true

  "@reflink/reflink@0.1.19":
    optionalDependencies:
      "@reflink/reflink-darwin-arm64": 0.1.19
      "@reflink/reflink-darwin-x64": 0.1.19
      "@reflink/reflink-linux-arm64-gnu": 0.1.19
      "@reflink/reflink-linux-arm64-musl": 0.1.19
      "@reflink/reflink-linux-x64-gnu": 0.1.19
      "@reflink/reflink-linux-x64-musl": 0.1.19
      "@reflink/reflink-win32-arm64-msvc": 0.1.19
      "@reflink/reflink-win32-x64-msvc": 0.1.19

  detect-libc@2.1.2: {}

  pnpm@11.25.0: {}

---
lockfileVersion: "9.0"

settings:
  autoInstallPeers: true
  excludeLinksFromLockfile: false

importers:
  .:
    devDependencies:
      prettier:
        specifier: ^3.9.6
        version: 3.9.6
      typedoc:
        specifier: ^0.28.20
        version: 0.28.20(typescript@6.0.3)
      typescript:
        specifier: ^6.0.3
        version: 6.0.3

  packages/sdk: {}

  packages/types:
    dependencies:
      arktype:
        specifier: ^2.2.3
        version: 2.2.3

packages:
  "@ark/schema@0.56.2":
    resolution:
      {
        integrity: sha512-Qx4D2JFbBWpntiHZaTv7bGG4H/M2rigiknezKg/WVyDSaLdE4YCcWAOoFB7pjjDqHbbV2OqRfntm1nnXvwMexg==,
      }

  "@ark/util@0.56.2":
    resolution:
      {
        integrity: sha512-9kU2sUE38FZEGG7l3hamYMBieLYEJh2L1mrYD2eXpT+78EnQSV1bhjxJhnxGBMSTbtwpBSDNSK+K60WvaI/DTQ==,
      }

  "@gerrit0/mini-shiki@3.23.0":
    resolution:
      {
        integrity: sha512-bEMORlG0cqdjVyCEuU0cDQbORWX+kYCeo0kV1lbxF5bt4r7SID2l9bqsxJEM0zndaxpOUT7riCyIVEuqq/Ynxg==,
      }

  "@shikijs/engine-oniguruma@3.23.0":
    resolution:
      {
        integrity: sha512-1nWINwKXxKKLqPibT5f4pAFLej9oZzQTsby8942OTlsJzOBZ0MWKiwzMsd+jhzu8YPCHAswGnnN1YtQfirL35g==,
      }

  "@shikijs/langs@3.23.0":
    resolution:
      {
        integrity: sha512-2Ep4W3Re5aB1/62RSYQInK9mM3HsLeB91cHqznAJMuylqjzNVAVCMnNWRHFtcNHXsoNRayP9z1qj4Sq3nMqYXg==,
      }

  "@shikijs/themes@3.23.0":
    resolution:
      {
        integrity: sha512-5qySYa1ZgAT18HR/ypENL9cUSGOeI2x+4IvYJu4JgVJdizn6kG4ia5Q1jDEOi7gTbN4RbuYtmHh0W3eccOrjMA==,
      }

  "@shikijs/types@3.23.0":
    resolution:
      {
        integrity: sha512-3JZ5HXOZfYjsYSk0yPwBrkupyYSLpAE26Qc0HLghhZNGTZg/SKxXIIgoxOpmmeQP0RRSDJTk1/vPfw9tbw+jSQ==,
      }

  "@shikijs/vscode-textmate@10.0.2":
    resolution:
      {
        integrity: sha512-83yeghZ2xxin3Nj8z1NMd/NCuca+gsYXswywDy5bHvwlWL8tpTQmzGeUuHd9FC3E/SBEMvzJRwWEOz5gGes9Qg==,
      }

  "@types/hast@3.0.5":
    resolution:
      {
        integrity: sha512-rp/ezSWaD1m44dPKICGhiskI13nVr7qTloFwDa/IYkhhf5nzwP+zIQcIJh3WIFSBOy/H1PzB40jPjMDksN4F+g==,
      }

  "@types/unist@3.0.3":
    resolution:
      {
        integrity: sha512-ko/gIFJRv177XgZsZcBwnqJN5x/Gien8qNOn0D5bQU/zAzVf9Zt3BlcUiLqhV9y4ARk0GbT3tnUiPNgnTXzc/Q==,
      }

  argparse@2.0.1:
    resolution:
      {
        integrity: sha512-8+9WqebbFzpX9OR+Wa6O29asIogeRMzcGtAINdpMHHyAg10f05aSFVBbcEqGf/PXw1EjAZ+q2/bEBg3DvurK3Q==,
      }

  arkregex@0.0.8:
    resolution:
      {
        integrity: sha512-PJcx6G1kQTgLKPUbeYlYecDRaKq15AMSGVajlKFYWlPeJRQL+j3dKE6tyMs40HZ99djS1l9Vhl3ezAHy9JBIqQ==,
      }

  arktype@2.2.3:
    resolution:
      {
        integrity: sha512-7W+0RLTUNJiBFIIZXwOQxSR8Z273IAd6IvqBeG9+gHnQKFsIx2C0iOtGTmMrPnlX4qLXyc5+ll7A0BIj9WrbTg==,
      }

  balanced-match@4.0.4:
    resolution:
      {
        integrity: sha512-BLrgEcRTwX2o6gGxGOCNyMvGSp35YofuYzw9h1IMTRmKqttAZZVU67bdb9Pr2vUHA8+j3i2tJfjO6C6+4myGTA==,
      }
    engines: { node: 18 || 20 || >=22 }

  brace-expansion@5.0.9:
    resolution:
      {
        integrity: sha512-ScQ4IuvIEF1TMlP7Zt+vjJ//9zlPb2SDcxWxM3bk8s6t6GGdJ7KO1dCcTidOPJKePW30LE/2cT7wCyPho9/Wxg==,
      }
    engines: { node: 20 || >=22 }

  entities@4.5.0:
    resolution:
      {
        integrity: sha512-V0hjH4dGPh9Ao5p0MoRY6BVqtwCjhz6vI5LT8AJ55H+4g9/4vbHx1I54fS0XuclLhDHArPQCiMjDxjaL8fPxhw==,
      }
    engines: { node: ">=0.12" }

  linkify-it@5.0.2:
    resolution:
      {
        integrity: sha512-ONTm2jCMAVZjgQa/Fy1kScXsuOoF5NPTsoFBdE1KVIZ2vAh/r9+Bqo+0jINCBYnavTPQZz38QzFTme79ENoN3Q==,
      }

  lunr@2.3.9:
    resolution:
      {
        integrity: sha512-zTU3DaZaF3Rt9rhN3uBMGQD3dD2/vFQqnvZCDv4dl5iOzq2IZQqTxu90r4E5J+nP70J3ilqVCrbho2eWaeW8Ow==,
      }

  markdown-it@14.3.1:
    resolution:
      {
        integrity: sha512-4Ej49aYTDFIQ+uBkfX8GBvJGccoARxxPep+7aWTs55ozbjQJpW9M26Fe53vnGgvLeVzva/amzjQQaQu9w0vMhA==,
      }
    hasBin: true

  mdurl@2.1.0:
    resolution:
      {
        integrity: sha512-1+HBaOx0zi/dQWht8rNv9MYf9qqpqL/kxI0hXImU6Y547zM6Sni8BQibt7ifgMcYtQg41ao3Ivd6cnSM86inpg==,
      }

  minimatch@10.2.6:
    resolution:
      {
        integrity: sha512-vpLQEs+VLCr1nU0BXS07maYoFwlDAH0gngQuuttxIwutDFEMHq2blX+8vpgxDdK3J1PwjCJiep77OitTZ4Ll1A==,
      }
    engines: { node: 18 || 20 || >=22 }

  prettier@3.9.6:
    resolution:
      {
        integrity: sha512-OpN0zzVdiaiAhxpuuj5efpIS4sY9j7bY6uR5mnj5yPzGkdkjNKSJeUThPb60Jw29QuAZgA4o+/iB49kFiaBX6g==,
      }
    engines: { node: ">=14" }
    hasBin: true

  punycode.js@2.3.1:
    resolution:
      {
        integrity: sha512-uxFIHU0YlHYhDQtV4R9J6a52SLx28BCjT+4ieh7IGbgwVJWO+km431c4yRlREUAsAmt/uMjQUyQHNEPf0M39CA==,
      }
    engines: { node: ">=6" }

  typedoc@0.28.20:
    resolution:
      {
        integrity: sha512-uSKqkh8Cr48vllnEy+jdaAgOeR6Y+QCBW7usgUsKj7gJEfR7stw9U/fE49LBnj2tPRKPY0c0EBJSWe9Appmplg==,
      }
    engines: { node: ">= 18", pnpm: ">= 10" }
    hasBin: true
    peerDependencies:
      typescript: 5.0.x || 5.1.x || 5.2.x || 5.3.x || 5.4.x || 5.5.x || 5.6.x || 5.7.x || 5.8.x || 5.9.x || 6.0.x

  typescript@6.0.3:
    resolution:
      {
        integrity: sha512-y2TvuxSZPDyQakkFRPZHKFm+KKVqIisdg9/CZwm9ftvKXLP8NRWj38/ODjNbr43SsoXqNuAisEf1GdCxqWcdBw==,
      }
    engines: { node: ">=14.17" }
    hasBin: true

  uc.micro@2.1.0:
    resolution:
      {
        integrity: sha512-ARDJmphmdvUk6Glw7y9DQ2bFkKBHwQHLi2lsaH6PPmz/Ka9sFOBsBluozhDltWmnv9u/cF6Rt87znRTPV+yp/A==,
      }

  yaml@2.9.0:
    resolution:
      {
        integrity: sha512-2AvhNX3mb8zd6Zy7INTtSpl1F15HW6Wnqj0srWlkKLcpYl/gMIMJiyuGq2KeI2YFxUPjdlB+3Lc10seMLtL4cA==,
      }
    engines: { node: ">= 14.6" }
    hasBin: true

snapshots:
  "@ark/schema@0.56.2":
    dependencies:
      "@ark/util": 0.56.2

  "@ark/util@0.56.2": {}

  "@gerrit0/mini-shiki@3.23.0":
    dependencies:
      "@shikijs/engine-oniguruma": 3.23.0
      "@shikijs/langs": 3.23.0
      "@shikijs/themes": 3.23.0
      "@shikijs/types": 3.23.0
      "@shikijs/vscode-textmate": 10.0.2

  "@shikijs/engine-oniguruma@3.23.0":
    dependencies:
      "@shikijs/types": 3.23.0
      "@shikijs/vscode-textmate": 10.0.2

  "@shikijs/langs@3.23.0":
    dependencies:
      "@shikijs/types": 3.23.0

  "@shikijs/themes@3.23.0":
    dependencies:
      "@shikijs/types": 3.23.0

  "@shikijs/types@3.23.0":
    dependencies:
      "@shikijs/vscode-textmate": 10.0.2
      "@types/hast": 3.0.5

  "@shikijs/vscode-textmate@10.0.2": {}

  "@types/hast@3.0.5":
    dependencies:
      "@types/unist": 3.0.3

  "@types/unist@3.0.3": {}

  argparse@2.0.1: {}

  arkregex@0.0.8:
    dependencies:
      "@ark/util": 0.56.2

  arktype@2.2.3:
    dependencies:
      "@ark/schema": 0.56.2
      "@ark/util": 0.56.2
      arkregex: 0.0.8

  balanced-match@4.0.4: {}

  brace-expansion@5.0.9:
    dependencies:
      balanced-match: 4.0.4

  entities@4.5.0: {}

  linkify-it@5.0.2:
    dependencies:
      uc.micro: 2.1.0

  lunr@2.3.9: {}

  markdown-it@14.3.1:
    dependencies:
      argparse: 2.0.1
      entities: 4.5.0
      linkify-it: 5.0.2
      mdurl: 2.1.0
      punycode.js: 2.3.1
      uc.micro: 2.1.0

  mdurl@2.1.0: {}

  minimatch@10.2.6:
    dependencies:
      brace-expansion: 5.0.9

  prettier@3.9.6: {}

  punycode.js@2.3.1: {}

  typedoc@0.28.20(typescript@6.0.3):
    dependencies:
      "@gerrit0/mini-shiki": 3.23.0
      lunr: 2.3.9
      markdown-it: 14.3.1
      minimatch: 10.2.6
      typescript: 6.0.3
      yaml: 2.9.0

  typescript@6.0.3: {}

  uc.micro@2.1.0: {}

  yaml@2.9.0: {}
